PODS:
  - libwebp (1.0.3):
    - libwebp/demux (= 1.0.3)
    - libwebp/mux (= 1.0.3)
    - libwebp/webp (= 1.0.3)
  - libwebp/demux (1.0.3):
    - libwebp/webp
  - libwebp/mux (1.0.3):
    - libwebp/demux
  - libwebp/webp (1.0.3)
  - SDWebImage (5.2.5):
    - SDWebImage/Core (= 5.2.5)
  - SDWebImage/Core (5.2.5)
  - SDWebImageSwiftUI (0.5.2):
    - SDWebImage (~> 5.1)
  - SDWebImageWebPCoder (0.2.5):
    - libwebp (~> 1.0)
    - SDWebImage/Core (~> 5.0)

DEPENDENCIES:
  - SDWebImageSwiftUI (from `../`)
  - SDWebImageWebPCoder

SPEC REPOS:
  trunk:
    - libwebp
    - SDWebImage
    - SDWebImageWebPCoder

EXTERNAL SOURCES:
  SDWebImageSwiftUI:
    :path: "../"

SPEC CHECKSUMS:
  libwebp: 057912d6d0abfb6357d8bb05c0ea470301f5d61e
  SDWebImage: 4eabf2fa6695c95c47724214417a9c036c965e4a
  SDWebImageSwiftUI: 3a3e3aa707aeedf024af6f9c718177f681edf9de
  SDWebImageWebPCoder: 947093edd1349d820c40afbd9f42acb6cdecd987

PODFILE CHECKSUM: 3fb06a5173225e197f3a4bf2be7e5586a693257a

COCOAPODS: 1.8.4
