PODS:
  - libwebp (1.0.3):
    - libwebp/demux (= 1.0.3)
    - libwebp/mux (= 1.0.3)
    - libwebp/webp (= 1.0.3)
  - libwebp/demux (1.0.3):
    - libwebp/webp
  - libwebp/mux (1.0.3):
    - libwebp/demux
  - libwebp/webp (1.0.3)
  - SDWebImage (5.2.2):
    - SDWebImage/Core (= 5.2.2)
  - SDWebImage/Core (5.2.2)
  - SDWebImageSwiftUI (0.3.1):
    - SDWebImage (~> 5.1)
  - SDWebImageWebPCoder (0.2.5):
    - libwebp (~> 1.0)
    - SDWebImage/Core (~> 5.0)

DEPENDENCIES:
  - SDWebImageSwiftUI (from `../`)
  - SDWebImageWebPCoder

SPEC REPOS:
  https://github.com/cocoapods/specs.git:
    - libwebp
    - SDWebImage
    - SDWebImageWebPCoder

EXTERNAL SOURCES:
  SDWebImageSwiftUI:
    :path: "../"

SPEC CHECKSUMS:
  libwebp: 057912d6d0abfb6357d8bb05c0ea470301f5d61e
  SDWebImage: 5fcdb02cc35e05fc35791ec514b191d27189f872
  SDWebImageSwiftUI: 1b67183dd2ef0321b2ccf578775de8e47eaceb77
  SDWebImageWebPCoder: 947093edd1349d820c40afbd9f42acb6cdecd987

PODFILE CHECKSUM: 3fb06a5173225e197f3a4bf2be7e5586a693257a

COCOAPODS: 1.7.5
