{
  "object": {
    "pins": [
      {
        "package": "SDWebImage",
        "repositoryURL": "https://github.com/SDWebImage/SDWebImage.git",
        "state": {
          "branch": null,
          "revision": "b62cb63bf4ed1f04c961a56c9c6c9d5ab8524ec6",
          "version": "5.21.1"
        }
      }
    ]
  },
  "version": 1
}
