{
  "object": {
    "pins": [
      {
        "package": "SDWebImage",
        "repositoryURL": "https://github.com/SDWebImage/SDWebImage.git",
        "state": {
          "branch": null,
          "revision": "73b9397cfbd902f606572964055464903b1d84c6",
          "version": "5.19.0"
        }
      }
    ]
  },
  "version": 1
}
