{
  "object": {
    "pins": [
      {
        "package": "SDWebImage",
        "repositoryURL": "https://github.com/SDWebImage/SDWebImage.git",
        "state": {
          "branch": null,
          "revision": "3e48cb68d8e668d146dc59c73fb98cb628616236",
          "version": "5.13.2"
        }
      }
    ]
  },
  "version": 1
}
